{
  "version": "5",
  "redirects": {
    "https://esm.sh/@types/react@~18.2.79/jsx-runtime.d.ts": "https://esm.sh/@types/react@18.2.79/jsx-runtime.d.ts",
    "https://esm.sh/@types/react@~19.0.7/index.d.ts": "https://esm.sh/@types/react@19.0.14/index.d.ts",
    "https://esm.sh/camelize@^1.0.0?target=denonext": "https://esm.sh/camelize@1.0.1?target=denonext",
    "https://esm.sh/color-name@^1.1.4?target=denonext": "https://esm.sh/color-name@1.1.4?target=denonext",
    "https://esm.sh/css-background-parser@^0.1.0?target=denonext": "https://esm.sh/css-background-parser@0.1.0?target=denonext",
    "https://esm.sh/css-color-keywords@^1.0.0?target=denonext": "https://esm.sh/css-color-keywords@1.0.0?target=denonext",
    "https://esm.sh/css-to-react-native@^3.0.0?target=denonext": "https://esm.sh/css-to-react-native@3.2.0?target=denonext",
    "https://esm.sh/escape-html@^1.0.3?target=denonext": "https://esm.sh/escape-html@1.0.3?target=denonext",
    "https://esm.sh/hex-rgb@^4.1.0?target=denonext": "https://esm.sh/hex-rgb@4.3.0?target=denonext",
    "https://esm.sh/linebreak@^1.1.0?target=denonext": "https://esm.sh/linebreak@1.1.0?target=denonext",
    "https://esm.sh/parse-css-color@^0.2.1?target=denonext": "https://esm.sh/parse-css-color@0.2.1?target=denonext",
    "https://esm.sh/postcss-value-parser@^4.0.2?target=denonext": "https://esm.sh/postcss-value-parser@4.2.0?target=denonext",
    "https://esm.sh/postcss-value-parser@^4.2.0?target=denonext": "https://esm.sh/postcss-value-parser@4.2.0?target=denonext",
    "https://esm.sh/tiny-inflate@^1.0.0?target=denonext": "https://esm.sh/tiny-inflate@1.0.3?target=denonext",
    "https://esm.sh/unicode-trie@^2.0.0?target=denonext": "https://esm.sh/unicode-trie@2.0.0?target=denonext",
    "https://esm.sh/yoga-wasm-web@^0.3.3/asm?target=denonext": "https://esm.sh/yoga-wasm-web@0.3.3/asm?target=denonext"
  },
  "remote": {
    "https://deno.land/std@0.190.0/_util/asserts.ts": "178dfc49a464aee693a7e285567b3d0b555dc805ff490505a8aae34f9cfb1462",
    "https://deno.land/std@0.190.0/async/abortable.ts": "fd682fa46f3b7b16b4606a5ab52a7ce309434b76f820d3221bdfb862719a15d7",
    "https://deno.land/std@0.190.0/async/deadline.ts": "58f72a3cc0fcb731b2cc055ba046f4b5be3349ff6bf98f2e793c3b969354aab2",
    "https://deno.land/std@0.190.0/async/debounce.ts": "adab11d04ca38d699444ac8a9d9856b4155e8dda2afd07ce78276c01ea5a4332",
    "https://deno.land/std@0.190.0/async/deferred.ts": "42790112f36a75a57db4a96d33974a936deb7b04d25c6084a9fa8a49f135def8",
    "https://deno.land/std@0.190.0/async/delay.ts": "73aa04cec034c84fc748c7be49bb15cac3dd43a57174bfdb7a4aec22c248f0dd",
    "https://deno.land/std@0.190.0/async/mod.ts": "f04344fa21738e5ad6bea37a6bfffd57c617c2d372bb9f9dcfd118a1b622e576",
    "https://deno.land/std@0.190.0/async/mux_async_iterator.ts": "70c7f2ee4e9466161350473ad61cac0b9f115cff4c552eaa7ef9d50c4cbb4cc9",
    "https://deno.land/std@0.190.0/async/pool.ts": "f1b8d3df4d7fd3c73f8cbc91cc2e8b8e950910f1eab94230b443944d7584c657",
    "https://deno.land/std@0.190.0/async/retry.ts": "c9248325ec08cc2cceb7618472e77589a51a25cee460e07b6096be34966c2ead",
    "https://deno.land/std@0.190.0/async/tee.ts": "47e42d35f622650b02234d43803d0383a89eb4387e1b83b5a40106d18ae36757",
    "https://deno.land/std@0.190.0/http/server.ts": "1b23463b5b36e4eebc495417f6af47a6f7d52e3294827a1226d2a1aab23d9d20",
    "https://esm.sh/@resvg/resvg-wasm@2.6.2": "0657db3e6d5f5b08b63e93c566b7ea08569c5f895188c13b27dd495908e7e3df",
    "https://esm.sh/@shuding/opentype.js@1.4.0-beta.0/denonext/opentype.mjs": "0cca60bf1cda5c6e059b03a623c2250a968b94dc04df9daabb2748a90d140cba",
    "https://esm.sh/@supabase/supabase-js@2.45.0": "36ae57c3f2dc3f94fd122a846b40a87114d29bb2f47e910cb46bee5575febf2e",
    "https://esm.sh/@supabase/supabase-js@2.45.4": "1108d69216995335d057dbd15907caaf514a4d1ef082f097050573b9d589a57c",
    "https://esm.sh/base64-js@0.0.8/denonext/base64-js.mjs": "c8210e137f5e9247dceb81535ad2e5145e0de3645518546a6b90b59d70ada011",
    "https://esm.sh/camelize@1.0.1/denonext/camelize.mjs": "c452bfdf56eff2485fc036727bf1513ccd998b5bf7b8017528f4c6001804e4a5",
    "https://esm.sh/camelize@1.0.1?target=denonext": "e16d00a4fb85e08deaee10963089b5817fb7171023039f0fe7b0239124fc0eb2",
    "https://esm.sh/color-name@1.1.4/denonext/color-name.mjs": "3b5b10fc0cd9f96d56c81cc7559a2106ff64a401a8100cd33e1f4b68e677c562",
    "https://esm.sh/color-name@1.1.4?target=denonext": "55709266f414e5115ac52d6831ba4951f7c8b9ac663f0f79ddc8ed782b4fb735",
    "https://esm.sh/css-background-parser@0.1.0/denonext/css-background-parser.mjs": "3781ddec25c0bd9f1243e76eec40fed5a5bbd7cd3fa14e273118139b30755155",
    "https://esm.sh/css-background-parser@0.1.0?target=denonext": "51a9834cd6ece8955d562351954d05e5927af96f1ff1a8323b937a3be01c4c0c",
    "https://esm.sh/css-box-shadow@1.0.0-3/denonext/css-box-shadow.mjs": "2cc6d39ea4de5d510796d35157bce82471702718450823b5bca8b9b31f0763ee",
    "https://esm.sh/css-color-keywords@1.0.0/denonext/css-color-keywords.mjs": "d795d2fc4a7d7fe912a5af38452784fae2acd8de914312dec5bf57e5d4efb499",
    "https://esm.sh/css-color-keywords@1.0.0?target=denonext": "fd7991fb5cf8004537c98242891251be3de36ee18c8a50191fec4d7e287ec5cc",
    "https://esm.sh/css-to-react-native@3.2.0/denonext/css-to-react-native.mjs": "14569a049a27ac1ce66380c82ad340b7f73ae329e007d342ab5221e6c41e4a30",
    "https://esm.sh/css-to-react-native@3.2.0?target=denonext": "8a1e9a0a89f453e1be791e1f660af19bfc7e2ef44f3d843a021c9e4d61355fb8",
    "https://esm.sh/escape-html@1.0.3/denonext/escape-html.mjs": "7d528edd50eaa87731b12051002ab2ecdf25c68130c79828204bfc24705c165d",
    "https://esm.sh/escape-html@1.0.3?target=denonext": "2ed5baeaf5ded2428093b5f18efe7073cc65a2403c4885f65f3c1d3345d2ed8b",
    "https://esm.sh/hex-rgb@4.3.0/denonext/hex-rgb.mjs": "9453500c9f73a6e1dca1a64ad3f97e720b6a43792853244aaa7db8e6b99157f1",
    "https://esm.sh/hex-rgb@4.3.0?target=denonext": "5c881c644ae6f0001621d0ea0b3a92e59735b1fb2385d283d02a3a91a0fd9e77",
    "https://esm.sh/linebreak@1.1.0/denonext/linebreak.mjs": "cd27398cd76dd42771ff8a224a637884c7921af06cea71937ed9a77df98ae954",
    "https://esm.sh/linebreak@1.1.0?target=denonext": "3348208f472aeb6c1b66d784463da674fab1d203f92aa7b1f91e38b52ddb3b16",
    "https://esm.sh/parse-css-color@0.2.1/denonext/parse-css-color.mjs": "2c93541e27edc1bdb9835a0e66f14d6e78a675e6a69e69ab2e3555898789c243",
    "https://esm.sh/parse-css-color@0.2.1?target=denonext": "3c18482e51a896207a32b154fe4a44f4cd229631d88d9f5feba6beb763904f84",
    "https://esm.sh/postcss-value-parser@4.2.0/denonext/postcss-value-parser.mjs": "2734c0eb4eb5e6a9905fb179ed2f329a346ac076735dbf0bc889276cbfe952bc",
    "https://esm.sh/postcss-value-parser@4.2.0?target=denonext": "f11ba11f7fe1a5768433011193e133bf80a697154aab65f582bf653305a571d1",
    "https://esm.sh/react@18.2.0/denonext/jsx-runtime.mjs": "29e0c0cc8b75e3f6e2c23a8f2cfe61a07924b99025b34ea6c9dd59cb1621d59c",
    "https://esm.sh/react@18.2.0/denonext/react.mjs": "a986c2876dc2f73879f395e677dc34cb751f260e69db16364810655f884df173",
    "https://esm.sh/react@18.2.0/jsx-runtime": "0bb3cca902d25a6827ac8153c8038b637e21bd20180bd58e827515d67de80582",
    "https://esm.sh/satori@0.10.13": "466fce1889e84dd813f3822553929ae44bc6020c1b7c448776bfa1bd90126936",
    "https://esm.sh/satori@0.10.13/denonext/satori.mjs": "52dc32f6d9bafb1d4cccb44e2ae5800969ce01c60a776e340befd8d06e15ffa5",
    "https://esm.sh/tiny-inflate@1.0.3/denonext/tiny-inflate.mjs": "1b04f32ea95b17d5681d67ae3aaabe5f2eff6c2fc18f0acb6beceb9ef350b14f",
    "https://esm.sh/tiny-inflate@1.0.3?target=denonext": "6a34143de11788c63e5c2af653bd50c3073cbd076ea3692101cbf01a86572725",
    "https://esm.sh/unicode-trie@2.0.0/denonext/unicode-trie.mjs": "d1fac9aba42e42df1de8bd22ebe51d6f81b06e6a4bd9ec608d0e8a3d72b8cbf8",
    "https://esm.sh/unicode-trie@2.0.0?target=denonext": "97efcdc8ab9affa26453c8c981b7a05c1aae6f1ef3dc992ddb69244476caacfa",
    "https://esm.sh/yoga-wasm-web@0.3.3/asm?target=denonext": "4bf203af38720ceb4b8819b5ab7021ea742af638e14b4bfb9a44d3aa0628bb9f",
    "https://esm.sh/yoga-wasm-web@0.3.3/denonext/asm.mjs": "3d90d9b2fdc20b13edf7448b0e052c5452583652e2378d0c339dc13a798755ae",
    "https://esm.sh/yoga-wasm-web@0.3.3/denonext/dist/wrapAsm-f766f97f.mjs": "d05bfe075aca55d08d2ecc56f20aa8ced8638b752cdc122e19c46ff8bfb6762e"
  },
  "workspace": {
    "packageJson": {
      "dependencies": [
        "npm:@capacitor/android@^7.4.3",
        "npm:@capacitor/cli@^7.4.3",
        "npm:@capacitor/core@^7.4.3",
        "npm:@capacitor/ios@^7.4.3",
        "npm:@dyad-sh/react-vite-component-tagger@0.8",
        "npm:@eslint/js@^9.9.0",
        "npm:@hookform/resolvers@^3.9.0",
        "npm:@radix-ui/react-accordion@^1.2.0",
        "npm:@radix-ui/react-alert-dialog@^1.1.1",
        "npm:@radix-ui/react-aspect-ratio@^1.1.0",
        "npm:@radix-ui/react-avatar@^1.1.0",
        "npm:@radix-ui/react-checkbox@^1.1.1",
        "npm:@radix-ui/react-collapsible@^1.1.0",
        "npm:@radix-ui/react-context-menu@^2.2.1",
        "npm:@radix-ui/react-dialog@^1.1.2",
        "npm:@radix-ui/react-dropdown-menu@^2.1.1",
        "npm:@radix-ui/react-hover-card@^1.1.1",
        "npm:@radix-ui/react-label@^2.1.0",
        "npm:@radix-ui/react-menubar@^1.1.1",
        "npm:@radix-ui/react-navigation-menu@^1.2.0",
        "npm:@radix-ui/react-popover@^1.1.1",
        "npm:@radix-ui/react-progress@^1.1.0",
        "npm:@radix-ui/react-radio-group@^1.2.0",
        "npm:@radix-ui/react-scroll-area@^1.1.0",
        "npm:@radix-ui/react-select@^2.1.1",
        "npm:@radix-ui/react-separator@^1.1.0",
        "npm:@radix-ui/react-slider@^1.2.0",
        "npm:@radix-ui/react-slot@^1.1.0",
        "npm:@radix-ui/react-switch@^1.1.0",
        "npm:@radix-ui/react-tabs@^1.1.0",
        "npm:@radix-ui/react-toast@^1.2.1",
        "npm:@radix-ui/react-toggle-group@^1.1.0",
        "npm:@radix-ui/react-toggle@^1.1.0",
        "npm:@radix-ui/react-tooltip@^1.1.4",
        "npm:@supabase/auth-ui-react@~0.4.7",
        "npm:@supabase/auth-ui-shared@~0.1.8",
        "npm:@supabase/supabase-js@^2.52.1",
        "npm:@tailwindcss/typography@~0.5.15",
        "npm:@tanstack/react-query@^5.56.2",
        "npm:@types/leaflet@^1.9.21",
        "npm:@types/node@^22.5.5",
        "npm:@types/react-dom@^18.3.0",
        "npm:@types/react@^18.3.3",
        "npm:@vitejs/plugin-react-swc@^3.9.0",
        "npm:autoprefixer@^10.4.20",
        "npm:class-variance-authority@~0.7.1",
        "npm:clsx@^2.1.1",
        "npm:cmdk@1",
        "npm:date-fns@^3.6.0",
        "npm:embla-carousel-react@^8.3.0",
        "npm:eslint-plugin-react-hooks@^5.1.0-rc.0",
        "npm:eslint-plugin-react-refresh@~0.4.9",
        "npm:eslint@^9.9.0",
        "npm:globals@^15.9.0",
        "npm:input-otp@^1.2.4",
        "npm:leaflet@^1.9.4",
        "npm:lucide-react@0.462",
        "npm:next-themes@0.3",
        "npm:postcss@^8.4.47",
        "npm:react-day-picker@^8.10.1",
        "npm:react-dom@^18.3.1",
        "npm:react-hook-form@^7.53.0",
        "npm:react-leaflet@5",
        "npm:react-resizable-panels@^2.1.3",
        "npm:react-router-dom@^6.26.2",
        "npm:react@^18.3.1",
        "npm:recharts@^2.12.7",
        "npm:sharp@~0.33.5",
        "npm:sonner@^1.5.0",
        "npm:tailwind-merge@^2.5.2",
        "npm:tailwindcss-animate@^1.0.7",
        "npm:tailwindcss@^3.4.11",
        "npm:typescript-eslint@^8.0.1",
        "npm:typescript@^5.5.3",
        "npm:vaul@~0.9.3",
        "npm:vite@^6.3.4",
        "npm:zod@^3.23.8"
      ]
    }
  }
}
